
Microsoft Visual Studio Solution File, Format Version 12.00
Project("{2150E333-8FDC-42A3-9474-1A3956D46DE8}") = "tools", "tools", "{07C2787E-EAC7-C090-1BA3-A61EC2A24D84}"
EndProject
Project("{FAE04EC0-301F-11D3-BF4B-00C04F79EFBC}") = "PortraitModGenerator.Core", "tools\PortraitModGenerator.Core\PortraitModGenerator.Core.csproj", "{DECA24BE-121D-4594-BBD0-05779C940067}"
EndProject
Project("{FAE04EC0-301F-11D3-BF4B-00C04F79EFBC}") = "PortraitModGenerator.Cli", "tools\PortraitModGenerator.Cli\PortraitModGenerator.Cli.csproj", "{4C05BCD7-8175-4FD2-99EC-BBFB13FDDD70}"
EndProject
Project("{FAE04EC0-301F-11D3-BF4B-00C04F79EFBC}") = "PortraitModGenerator.Gui", "tools\PortraitModGenerator.Gui\PortraitModGenerator.Gui.csproj", "{5B97A55A-4B8F-4F10-83B8-E5294595AFD7}"
EndProject
Global
	GlobalSection(SolutionConfigurationPlatforms) = preSolution
		Debug|Any CPU = Debug|Any CPU
		Debug|x64 = Debug|x64
		Debug|x86 = Debug|x86
		ExportDebug|Any CPU = ExportDebug|Any CPU
		ExportDebug|x64 = ExportDebug|x64
		ExportDebug|x86 = ExportDebug|x86
		ExportRelease|Any CPU = ExportRelease|Any CPU
		ExportRelease|x64 = ExportRelease|x64
		ExportRelease|x86 = ExportRelease|x86
		Release|Any CPU = Release|Any CPU
		Release|x64 = Release|x64
		Release|x86 = Release|x86
	EndGlobalSection
	GlobalSection(ProjectConfigurationPlatforms) = postSolution
		{DECA24BE-121D-4594-BBD0-05779C940067}.Debug|Any CPU.ActiveCfg = Debug|Any CPU
		{DECA24BE-121D-4594-BBD0-05779C940067}.Debug|Any CPU.Build.0 = Debug|Any CPU
		{DECA24BE-121D-4594-BBD0-05779C940067}.Debug|x64.ActiveCfg = Debug|Any CPU
		{DECA24BE-121D-4594-BBD0-05779C940067}.Debug|x64.Build.0 = Debug|Any CPU
		{DECA24BE-121D-4594-BBD0-05779C940067}.Debug|x86.ActiveCfg = Debug|Any CPU
		{DECA24BE-121D-4594-BBD0-05779C940067}.Debug|x86.Build.0 = Debug|Any CPU
		{DECA24BE-121D-4594-BBD0-05779C940067}.ExportDebug|Any CPU.ActiveCfg = Debug|Any CPU
		{DECA24BE-121D-4594-BBD0-05779C940067}.ExportDebug|Any CPU.Build.0 = Debug|Any CPU
		{DECA24BE-121D-4594-BBD0-05779C940067}.ExportDebug|x64.ActiveCfg = Debug|Any CPU
		{DECA24BE-121D-4594-BBD0-05779C940067}.ExportDebug|x64.Build.0 = Debug|Any CPU
		{DECA24BE-121D-4594-BBD0-05779C940067}.ExportDebug|x86.ActiveCfg = Debug|Any CPU
		{DECA24BE-121D-4594-BBD0-05779C940067}.ExportDebug|x86.Build.0 = Debug|Any CPU
		{DECA24BE-121D-4594-BBD0-05779C940067}.ExportRelease|Any CPU.ActiveCfg = Debug|Any CPU
		{DECA24BE-121D-4594-BBD0-05779C940067}.ExportRelease|Any CPU.Build.0 = Debug|Any CPU
		{DECA24BE-121D-4594-BBD0-05779C940067}.ExportRelease|x64.ActiveCfg = Debug|Any CPU
		{DECA24BE-121D-4594-BBD0-05779C940067}.ExportRelease|x64.Build.0 = Debug|Any CPU
		{DECA24BE-121D-4594-BBD0-05779C940067}.ExportRelease|x86.ActiveCfg = Debug|Any CPU
		{DECA24BE-121D-4594-BBD0-05779C940067}.ExportRelease|x86.Build.0 = Debug|Any CPU
		{DECA24BE-121D-4594-BBD0-05779C940067}.Release|Any CPU.ActiveCfg = Release|Any CPU
		{DECA24BE-121D-4594-BBD0-05779C940067}.Release|Any CPU.Build.0 = Release|Any CPU
		{DECA24BE-121D-4594-BBD0-05779C940067}.Release|x64.ActiveCfg = Release|Any CPU
		{DECA24BE-121D-4594-BBD0-05779C940067}.Release|x64.Build.0 = Release|Any CPU
		{DECA24BE-121D-4594-BBD0-05779C940067}.Release|x86.ActiveCfg = Release|Any CPU
		{DECA24BE-121D-4594-BBD0-05779C940067}.Release|x86.Build.0 = Release|Any CPU
		{4C05BCD7-8175-4FD2-99EC-BBFB13FDDD70}.Debug|Any CPU.ActiveCfg = Debug|Any CPU
		{4C05BCD7-8175-4FD2-99EC-BBFB13FDDD70}.Debug|Any CPU.Build.0 = Debug|Any CPU
		{4C05BCD7-8175-4FD2-99EC-BBFB13FDDD70}.Debug|x64.ActiveCfg = Debug|Any CPU
		{4C05BCD7-8175-4FD2-99EC-BBFB13FDDD70}.Debug|x64.Build.0 = Debug|Any CPU
		{4C05BCD7-8175-4FD2-99EC-BBFB13FDDD70}.Debug|x86.ActiveCfg = Debug|Any CPU
		{4C05BCD7-8175-4FD2-99EC-BBFB13FDDD70}.Debug|x86.Build.0 = Debug|Any CPU
		{4C05BCD7-8175-4FD2-99EC-BBFB13FDDD70}.ExportDebug|Any CPU.ActiveCfg = Debug|Any CPU
		{4C05BCD7-8175-4FD2-99EC-BBFB13FDDD70}.ExportDebug|Any CPU.Build.0 = Debug|Any CPU
		{4C05BCD7-8175-4FD2-99EC-BBFB13FDDD70}.ExportDebug|x64.ActiveCfg = Debug|Any CPU
		{4C05BCD7-8175-4FD2-99EC-BBFB13FDDD70}.ExportDebug|x64.Build.0 = Debug|Any CPU
		{4C05BCD7-8175-4FD2-99EC-BBFB13FDDD70}.ExportDebug|x86.ActiveCfg = Debug|Any CPU
		{4C05BCD7-8175-4FD2-99EC-BBFB13FDDD70}.ExportDebug|x86.Build.0 = Debug|Any CPU
		{4C05BCD7-8175-4FD2-99EC-BBFB13FDDD70}.ExportRelease|Any CPU.ActiveCfg = Debug|Any CPU
		{4C05BCD7-8175-4FD2-99EC-BBFB13FDDD70}.ExportRelease|Any CPU.Build.0 = Debug|Any CPU
		{4C05BCD7-8175-4FD2-99EC-BBFB13FDDD70}.ExportRelease|x64.ActiveCfg = Debug|Any CPU
		{4C05BCD7-8175-4FD2-99EC-BBFB13FDDD70}.ExportRelease|x64.Build.0 = Debug|Any CPU
		{4C05BCD7-8175-4FD2-99EC-BBFB13FDDD70}.ExportRelease|x86.ActiveCfg = Debug|Any CPU
		{4C05BCD7-8175-4FD2-99EC-BBFB13FDDD70}.ExportRelease|x86.Build.0 = Debug|Any CPU
		{4C05BCD7-8175-4FD2-99EC-BBFB13FDDD70}.Release|Any CPU.ActiveCfg = Release|Any CPU
		{4C05BCD7-8175-4FD2-99EC-BBFB13FDDD70}.Release|Any CPU.Build.0 = Release|Any CPU
		{4C05BCD7-8175-4FD2-99EC-BBFB13FDDD70}.Release|x64.ActiveCfg = Release|Any CPU
		{4C05BCD7-8175-4FD2-99EC-BBFB13FDDD70}.Release|x64.Build.0 = Release|Any CPU
		{4C05BCD7-8175-4FD2-99EC-BBFB13FDDD70}.Release|x86.ActiveCfg = Release|Any CPU
		{4C05BCD7-8175-4FD2-99EC-BBFB13FDDD70}.Release|x86.Build.0 = Release|Any CPU
		{5B97A55A-4B8F-4F10-83B8-E5294595AFD7}.Debug|Any CPU.ActiveCfg = Debug|Any CPU
		{5B97A55A-4B8F-4F10-83B8-E5294595AFD7}.Debug|Any CPU.Build.0 = Debug|Any CPU
		{5B97A55A-4B8F-4F10-83B8-E5294595AFD7}.Debug|x64.ActiveCfg = Debug|Any CPU
		{5B97A55A-4B8F-4F10-83B8-E5294595AFD7}.Debug|x64.Build.0 = Debug|Any CPU
		{5B97A55A-4B8F-4F10-83B8-E5294595AFD7}.Debug|x86.ActiveCfg = Debug|Any CPU
		{5B97A55A-4B8F-4F10-83B8-E5294595AFD7}.Debug|x86.Build.0 = Debug|Any CPU
		{5B97A55A-4B8F-4F10-83B8-E5294595AFD7}.ExportDebug|Any CPU.ActiveCfg = Debug|Any CPU
		{5B97A55A-4B8F-4F10-83B8-E5294595AFD7}.ExportDebug|Any CPU.Build.0 = Debug|Any CPU
		{5B97A55A-4B8F-4F10-83B8-E5294595AFD7}.ExportDebug|x64.ActiveCfg = Debug|Any CPU
		{5B97A55A-4B8F-4F10-83B8-E5294595AFD7}.ExportDebug|x64.Build.0 = Debug|Any CPU
		{5B97A55A-4B8F-4F10-83B8-E5294595AFD7}.ExportDebug|x86.ActiveCfg = Debug|Any CPU
		{5B97A55A-4B8F-4F10-83B8-E5294595AFD7}.ExportDebug|x86.Build.0 = Debug|Any CPU
		{5B97A55A-4B8F-4F10-83B8-E5294595AFD7}.ExportRelease|Any CPU.ActiveCfg = Debug|Any CPU
		{5B97A55A-4B8F-4F10-83B8-E5294595AFD7}.ExportRelease|Any CPU.Build.0 = Debug|Any CPU
		{5B97A55A-4B8F-4F10-83B8-E5294595AFD7}.ExportRelease|x64.ActiveCfg = Debug|Any CPU
		{5B97A55A-4B8F-4F10-83B8-E5294595AFD7}.ExportRelease|x64.Build.0 = Debug|Any CPU
		{5B97A55A-4B8F-4F10-83B8-E5294595AFD7}.ExportRelease|x86.ActiveCfg = Debug|Any CPU
		{5B97A55A-4B8F-4F10-83B8-E5294595AFD7}.ExportRelease|x86.Build.0 = Debug|Any CPU
		{5B97A55A-4B8F-4F10-83B8-E5294595AFD7}.Release|Any CPU.ActiveCfg = Release|Any CPU
		{5B97A55A-4B8F-4F10-83B8-E5294595AFD7}.Release|Any CPU.Build.0 = Release|Any CPU
		{5B97A55A-4B8F-4F10-83B8-E5294595AFD7}.Release|x64.ActiveCfg = Release|Any CPU
		{5B97A55A-4B8F-4F10-83B8-E5294595AFD7}.Release|x64.Build.0 = Release|Any CPU
		{5B97A55A-4B8F-4F10-83B8-E5294595AFD7}.Release|x86.ActiveCfg = Release|Any CPU
		{5B97A55A-4B8F-4F10-83B8-E5294595AFD7}.Release|x86.Build.0 = Release|Any CPU
	EndGlobalSection
	GlobalSection(SolutionProperties) = preSolution
		HideSolutionNode = FALSE
	EndGlobalSection
	GlobalSection(NestedProjects) = preSolution
		{DECA24BE-121D-4594-BBD0-05779C940067} = {07C2787E-EAC7-C090-1BA3-A61EC2A24D84}
		{4C05BCD7-8175-4FD2-99EC-BBFB13FDDD70} = {07C2787E-EAC7-C090-1BA3-A61EC2A24D84}
		{5B97A55A-4B8F-4F10-83B8-E5294595AFD7} = {07C2787E-EAC7-C090-1BA3-A61EC2A24D84}
	EndGlobalSection
EndGlobal
